<?xml version="1.0" encoding="utf-8"?>
<Project ToolsVersion="16.0" xmlns="http://schemas.microsoft.com/developer/msbuild/2003">
  <ItemGroup>
    <ClCompile Include="C:\Users\Richard\Desktop\myoProject\myo-sdk-win-0.9.0\wxWidgets\src\png\png.c">
      <Filter>Source Files</Filter>
    </ClCompile>
    <ClCompile Include="C:\Users\Richard\Desktop\myoProject\myo-sdk-win-0.9.0\wxWidgets\src\png\pngerror.c">
      <Filter>Source Files</Filter>
    </ClCompile>
    <ClCompile Include="C:\Users\Richard\Desktop\myoProject\myo-sdk-win-0.9.0\wxWidgets\src\png\pngget.c">
      <Filter>Source Files</Filter>
    </ClCompile>
    <ClCompile Include="C:\Users\Richard\Desktop\myoProject\myo-sdk-win-0.9.0\wxWidgets\src\png\pngmem.c">
      <Filter>Source Files</Filter>
    </ClCompile>
    <ClCompile Include="C:\Users\Richard\Desktop\myoProject\myo-sdk-win-0.9.0\wxWidgets\src\png\pngpread.c">
      <Filter>Source Files</Filter>
    </ClCompile>
    <ClCompile Include="C:\Users\Richard\Desktop\myoProject\myo-sdk-win-0.9.0\wxWidgets\src\png\pngread.c">
      <Filter>Source Files</Filter>
    </ClCompile>
    <ClCompile Include="C:\Users\Richard\Desktop\myoProject\myo-sdk-win-0.9.0\wxWidgets\src\png\pngrio.c">
      <Filter>Source Files</Filter>
    </ClCompile>
    <ClCompile Include="C:\Users\Richard\Desktop\myoProject\myo-sdk-win-0.9.0\wxWidgets\src\png\pngrtran.c">
      <Filter>Source Files</Filter>
    </ClCompile>
    <ClCompile Include="C:\Users\Richard\Desktop\myoProject\myo-sdk-win-0.9.0\wxWidgets\src\png\pngrutil.c">
      <Filter>Source Files</Filter>
    </ClCompile>
    <ClCompile Include="C:\Users\Richard\Desktop\myoProject\myo-sdk-win-0.9.0\wxWidgets\src\png\pngset.c">
      <Filter>Source Files</Filter>
    </ClCompile>
    <ClCompile Include="C:\Users\Richard\Desktop\myoProject\myo-sdk-win-0.9.0\wxWidgets\src\png\pngtrans.c">
      <Filter>Source Files</Filter>
    </ClCompile>
    <ClCompile Include="C:\Users\Richard\Desktop\myoProject\myo-sdk-win-0.9.0\wxWidgets\src\png\pngwio.c">
      <Filter>Source Files</Filter>
    </ClCompile>
    <ClCompile Include="C:\Users\Richard\Desktop\myoProject\myo-sdk-win-0.9.0\wxWidgets\src\png\pngwrite.c">
      <Filter>Source Files</Filter>
    </ClCompile>
    <ClCompile Include="C:\Users\Richard\Desktop\myoProject\myo-sdk-win-0.9.0\wxWidgets\src\png\pngwtran.c">
      <Filter>Source Files</Filter>
    </ClCompile>
    <ClCompile Include="C:\Users\Richard\Desktop\myoProject\myo-sdk-win-0.9.0\wxWidgets\src\png\pngwutil.c">
      <Filter>Source Files</Filter>
    </ClCompile>
    <ClCompile Include="C:\Users\Richard\Desktop\myoProject\myo-sdk-win-0.9.0\wxWidgets\src\png\arm\arm_init.c">
      <Filter>Source Files</Filter>
    </ClCompile>
    <ClCompile Include="C:\Users\Richard\Desktop\myoProject\myo-sdk-win-0.9.0\wxWidgets\src\png\arm\filter_neon_intrinsics.c">
      <Filter>Source Files</Filter>
    </ClCompile>
    <ClCompile Include="C:\Users\Richard\Desktop\myoProject\myo-sdk-win-0.9.0\wxWidgets\src\png\arm\palette_neon_intrinsics.c">
      <Filter>Source Files</Filter>
    </ClCompile>
    <ClCompile Include="C:\Users\Richard\Desktop\myoProject\myo-sdk-win-0.9.0\wxWidgets\src\png\intel\intel_init.c">
      <Filter>Source Files</Filter>
    </ClCompile>
    <ClCompile Include="C:\Users\Richard\Desktop\myoProject\myo-sdk-win-0.9.0\wxWidgets\src\png\intel\filter_sse2_intrinsics.c">
      <Filter>Source Files</Filter>
    </ClCompile>
  </ItemGroup>
  <ItemGroup>
    <CustomBuild Include="C:\Users\Richard\Desktop\myoProject\myo-sdk-win-0.9.0\wxWidgets\build\cmake\lib\CMakeLists.txt">
      <Filter>CMake</Filter>
    </CustomBuild>
  </ItemGroup>
  <ItemGroup>
    <Filter Include="CMake">
      <UniqueIdentifier>{D2AA8F1A-FB3E-3E6D-A902-EB089F744EF2}</UniqueIdentifier>
    </Filter>
    <Filter Include="Source Files">
      <UniqueIdentifier>{821A6E68-1767-3FDE-B48C-0276820751BE}</UniqueIdentifier>
    </Filter>
  </ItemGroup>
</Project>
