
Microsoft Visual Studio Solution File, Format Version 12.00
# Visual Studio Version 16
Project("{2150E333-8FDC-42A3-9474-1A3956D46DE8}") = "CMakePredefinedTargets", "CMakePredefinedTargets", "{90768C25-57CC-3E0D-8CD0-18C8C8BC8869}"
EndProject
Project("{2150E333-8FDC-42A3-9474-1A3956D46DE8}") = "Libraries", "Libraries", "{6B26A748-6F96-36EE-BF70-B9F0E1584AA6}"
EndProject
Project("{2150E333-8FDC-42A3-9474-1A3956D46DE8}") = "Third Party Libraries", "Third Party Libraries", "{B6033CED-7BCC-3C85-98E4-D5B9775A30CA}"
EndProject
Project("{2150E333-8FDC-42A3-9474-1A3956D46DE8}") = "Utilities", "Utilities", "{463772B1-BA0C-35FB-A015-414EAA4457B7}"
EndProject
Project("{8BC9CEB8-8B4A-11D0-8D11-00A0C91BC942}") = "ALL_BUILD", "ALL_BUILD.vcxproj", "{2B513AA0-2A3E-31CC-B72A-A002CEB0F554}"
	ProjectSection(ProjectDependencies) = postProject
		{CA90E8BC-5AF8-3246-A143-E4E1AF518819} = {CA90E8BC-5AF8-3246-A143-E4E1AF518819}
		{DBB20B95-D4EF-33D8-963F-F14FCAA8E084} = {DBB20B95-D4EF-33D8-963F-F14FCAA8E084}
		{1FC894ED-D02F-38A3-B5F4-AA2BE3E6A0E4} = {1FC894ED-D02F-38A3-B5F4-AA2BE3E6A0E4}
		{A0BB5FB3-AF0D-3F7D-B1F2-E707DE5858E3} = {A0BB5FB3-AF0D-3F7D-B1F2-E707DE5858E3}
		{AF844B44-D364-3F78-AF7B-1E25D82EEE8A} = {AF844B44-D364-3F78-AF7B-1E25D82EEE8A}
		{9D115F88-06B0-3B96-98B7-6020110629E4} = {9D115F88-06B0-3B96-98B7-6020110629E4}
		{EB3D88CE-3359-3EC8-9396-52657FE0E7A6} = {EB3D88CE-3359-3EC8-9396-52657FE0E7A6}
		{539F1948-6B09-3E45-A3A7-A0062E6CEB14} = {539F1948-6B09-3E45-A3A7-A0062E6CEB14}
		{48926F93-1990-3699-BAC5-A3A0655E2B1C} = {48926F93-1990-3699-BAC5-A3A0655E2B1C}
		{B4C40DF5-1241-334F-BA7C-AF340E098033} = {B4C40DF5-1241-334F-BA7C-AF340E098033}
		{9CAFEC18-35BB-320E-BAFE-511CBE941AF8} = {9CAFEC18-35BB-320E-BAFE-511CBE941AF8}
		{A08A643C-4E46-3B11-8362-E098D93347F1} = {A08A643C-4E46-3B11-8362-E098D93347F1}
		{CA830EA8-5BCD-342E-9C37-7B0A55AB03BA} = {CA830EA8-5BCD-342E-9C37-7B0A55AB03BA}
		{E6BA8A91-0653-327C-AB80-90F94708D21F} = {E6BA8A91-0653-327C-AB80-90F94708D21F}
		{BD23FB14-2885-3493-9607-1C4D47B4747D} = {BD23FB14-2885-3493-9607-1C4D47B4747D}
		{DFDBBE52-1BDE-3C67-A3B5-7D2B1228D3E9} = {DFDBBE52-1BDE-3C67-A3B5-7D2B1228D3E9}
		{25D097A1-8719-3815-928C-845685ED0D63} = {25D097A1-8719-3815-928C-845685ED0D63}
		{444809B4-6792-3687-940E-15C675B48740} = {444809B4-6792-3687-940E-15C675B48740}
		{1CFD914A-601B-3C68-8360-B9F839B5FAC2} = {1CFD914A-601B-3C68-8360-B9F839B5FAC2}
		{F713C954-672F-37DC-B98C-53EFC12CBEAE} = {F713C954-672F-37DC-B98C-53EFC12CBEAE}
		{E5B00400-3176-3AE4-B12C-3DC0AB8F3AE0} = {E5B00400-3176-3AE4-B12C-3DC0AB8F3AE0}
		{227151E0-852D-31D2-8FED-AFBA3C0E5B9B} = {227151E0-852D-31D2-8FED-AFBA3C0E5B9B}
		{A6CAD69C-B212-3748-A053-3E71E3B31E04} = {A6CAD69C-B212-3748-A053-3E71E3B31E04}
		{FD440D7E-E32A-3B72-B350-DCF6F5AE2DF5} = {FD440D7E-E32A-3B72-B350-DCF6F5AE2DF5}
		{A3CA04D8-3727-362F-B8C7-9C1B3CE253EB} = {A3CA04D8-3727-362F-B8C7-9C1B3CE253EB}
	EndProjectSection
EndProject
Project("{8BC9CEB8-8B4A-11D0-8D11-00A0C91BC942}") = "INSTALL", "INSTALL.vcxproj", "{726DBB9E-3E3F-3E5B-AC77-669F238F3D8B}"
	ProjectSection(ProjectDependencies) = postProject
		{2B513AA0-2A3E-31CC-B72A-A002CEB0F554} = {2B513AA0-2A3E-31CC-B72A-A002CEB0F554}
		{CA90E8BC-5AF8-3246-A143-E4E1AF518819} = {CA90E8BC-5AF8-3246-A143-E4E1AF518819}
	EndProjectSection
EndProject
Project("{8BC9CEB8-8B4A-11D0-8D11-00A0C91BC942}") = "UNINSTALL", "UNINSTALL.vcxproj", "{3DDFCFB3-F8DB-37B3-BB94-0C049081CBD1}"
	ProjectSection(ProjectDependencies) = postProject
		{CA90E8BC-5AF8-3246-A143-E4E1AF518819} = {CA90E8BC-5AF8-3246-A143-E4E1AF518819}
	EndProjectSection
EndProject
Project("{8BC9CEB8-8B4A-11D0-8D11-00A0C91BC942}") = "ZERO_CHECK", "ZERO_CHECK.vcxproj", "{CA90E8BC-5AF8-3246-A143-E4E1AF518819}"
	ProjectSection(ProjectDependencies) = postProject
	EndProjectSection
EndProject
Project("{8BC9CEB8-8B4A-11D0-8D11-00A0C91BC942}") = "wxadv", "libs\adv\wxadv.vcxproj", "{DBB20B95-D4EF-33D8-963F-F14FCAA8E084}"
	ProjectSection(ProjectDependencies) = postProject
		{CA90E8BC-5AF8-3246-A143-E4E1AF518819} = {CA90E8BC-5AF8-3246-A143-E4E1AF518819}
		{A0BB5FB3-AF0D-3F7D-B1F2-E707DE5858E3} = {A0BB5FB3-AF0D-3F7D-B1F2-E707DE5858E3}
		{AF844B44-D364-3F78-AF7B-1E25D82EEE8A} = {AF844B44-D364-3F78-AF7B-1E25D82EEE8A}
	EndProjectSection
EndProject
Project("{8BC9CEB8-8B4A-11D0-8D11-00A0C91BC942}") = "wxaui", "libs\aui\wxaui.vcxproj", "{1FC894ED-D02F-38A3-B5F4-AA2BE3E6A0E4}"
	ProjectSection(ProjectDependencies) = postProject
		{CA90E8BC-5AF8-3246-A143-E4E1AF518819} = {CA90E8BC-5AF8-3246-A143-E4E1AF518819}
		{A0BB5FB3-AF0D-3F7D-B1F2-E707DE5858E3} = {A0BB5FB3-AF0D-3F7D-B1F2-E707DE5858E3}
		{AF844B44-D364-3F78-AF7B-1E25D82EEE8A} = {AF844B44-D364-3F78-AF7B-1E25D82EEE8A}
	EndProjectSection
EndProject
Project("{8BC9CEB8-8B4A-11D0-8D11-00A0C91BC942}") = "wxbase", "libs\base\wxbase.vcxproj", "{A0BB5FB3-AF0D-3F7D-B1F2-E707DE5858E3}"
	ProjectSection(ProjectDependencies) = postProject
		{CA90E8BC-5AF8-3246-A143-E4E1AF518819} = {CA90E8BC-5AF8-3246-A143-E4E1AF518819}
		{DFDBBE52-1BDE-3C67-A3B5-7D2B1228D3E9} = {DFDBBE52-1BDE-3C67-A3B5-7D2B1228D3E9}
		{A3CA04D8-3727-362F-B8C7-9C1B3CE253EB} = {A3CA04D8-3727-362F-B8C7-9C1B3CE253EB}
	EndProjectSection
EndProject
Project("{8BC9CEB8-8B4A-11D0-8D11-00A0C91BC942}") = "wxcore", "libs\core\wxcore.vcxproj", "{AF844B44-D364-3F78-AF7B-1E25D82EEE8A}"
	ProjectSection(ProjectDependencies) = postProject
		{CA90E8BC-5AF8-3246-A143-E4E1AF518819} = {CA90E8BC-5AF8-3246-A143-E4E1AF518819}
		{A0BB5FB3-AF0D-3F7D-B1F2-E707DE5858E3} = {A0BB5FB3-AF0D-3F7D-B1F2-E707DE5858E3}
		{48926F93-1990-3699-BAC5-A3A0655E2B1C} = {48926F93-1990-3699-BAC5-A3A0655E2B1C}
		{A08A643C-4E46-3B11-8362-E098D93347F1} = {A08A643C-4E46-3B11-8362-E098D93347F1}
		{E5B00400-3176-3AE4-B12C-3DC0AB8F3AE0} = {E5B00400-3176-3AE4-B12C-3DC0AB8F3AE0}
		{A3CA04D8-3727-362F-B8C7-9C1B3CE253EB} = {A3CA04D8-3727-362F-B8C7-9C1B3CE253EB}
	EndProjectSection
EndProject
Project("{8BC9CEB8-8B4A-11D0-8D11-00A0C91BC942}") = "wxexpat", "libs\wxexpat.vcxproj", "{9D115F88-06B0-3B96-98B7-6020110629E4}"
	ProjectSection(ProjectDependencies) = postProject
		{CA90E8BC-5AF8-3246-A143-E4E1AF518819} = {CA90E8BC-5AF8-3246-A143-E4E1AF518819}
	EndProjectSection
EndProject
Project("{8BC9CEB8-8B4A-11D0-8D11-00A0C91BC942}") = "wxgl", "libs\gl\wxgl.vcxproj", "{EB3D88CE-3359-3EC8-9396-52657FE0E7A6}"
	ProjectSection(ProjectDependencies) = postProject
		{CA90E8BC-5AF8-3246-A143-E4E1AF518819} = {CA90E8BC-5AF8-3246-A143-E4E1AF518819}
		{A0BB5FB3-AF0D-3F7D-B1F2-E707DE5858E3} = {A0BB5FB3-AF0D-3F7D-B1F2-E707DE5858E3}
		{AF844B44-D364-3F78-AF7B-1E25D82EEE8A} = {AF844B44-D364-3F78-AF7B-1E25D82EEE8A}
	EndProjectSection
EndProject
Project("{8BC9CEB8-8B4A-11D0-8D11-00A0C91BC942}") = "wxhtml", "libs\html\wxhtml.vcxproj", "{539F1948-6B09-3E45-A3A7-A0062E6CEB14}"
	ProjectSection(ProjectDependencies) = postProject
		{CA90E8BC-5AF8-3246-A143-E4E1AF518819} = {CA90E8BC-5AF8-3246-A143-E4E1AF518819}
		{A0BB5FB3-AF0D-3F7D-B1F2-E707DE5858E3} = {A0BB5FB3-AF0D-3F7D-B1F2-E707DE5858E3}
		{AF844B44-D364-3F78-AF7B-1E25D82EEE8A} = {AF844B44-D364-3F78-AF7B-1E25D82EEE8A}
	EndProjectSection
EndProject
Project("{8BC9CEB8-8B4A-11D0-8D11-00A0C91BC942}") = "wxjpeg", "libs\wxjpeg.vcxproj", "{48926F93-1990-3699-BAC5-A3A0655E2B1C}"
	ProjectSection(ProjectDependencies) = postProject
		{CA90E8BC-5AF8-3246-A143-E4E1AF518819} = {CA90E8BC-5AF8-3246-A143-E4E1AF518819}
	EndProjectSection
EndProject
Project("{8BC9CEB8-8B4A-11D0-8D11-00A0C91BC942}") = "wxmedia", "libs\media\wxmedia.vcxproj", "{B4C40DF5-1241-334F-BA7C-AF340E098033}"
	ProjectSection(ProjectDependencies) = postProject
		{CA90E8BC-5AF8-3246-A143-E4E1AF518819} = {CA90E8BC-5AF8-3246-A143-E4E1AF518819}
		{A0BB5FB3-AF0D-3F7D-B1F2-E707DE5858E3} = {A0BB5FB3-AF0D-3F7D-B1F2-E707DE5858E3}
		{AF844B44-D364-3F78-AF7B-1E25D82EEE8A} = {AF844B44-D364-3F78-AF7B-1E25D82EEE8A}
	EndProjectSection
EndProject
Project("{8BC9CEB8-8B4A-11D0-8D11-00A0C91BC942}") = "wxnet", "libs\net\wxnet.vcxproj", "{9CAFEC18-35BB-320E-BAFE-511CBE941AF8}"
	ProjectSection(ProjectDependencies) = postProject
		{CA90E8BC-5AF8-3246-A143-E4E1AF518819} = {CA90E8BC-5AF8-3246-A143-E4E1AF518819}
		{A0BB5FB3-AF0D-3F7D-B1F2-E707DE5858E3} = {A0BB5FB3-AF0D-3F7D-B1F2-E707DE5858E3}
	EndProjectSection
EndProject
Project("{8BC9CEB8-8B4A-11D0-8D11-00A0C91BC942}") = "wxpng", "libs\wxpng.vcxproj", "{A08A643C-4E46-3B11-8362-E098D93347F1}"
	ProjectSection(ProjectDependencies) = postProject
		{CA90E8BC-5AF8-3246-A143-E4E1AF518819} = {CA90E8BC-5AF8-3246-A143-E4E1AF518819}
		{A3CA04D8-3727-362F-B8C7-9C1B3CE253EB} = {A3CA04D8-3727-362F-B8C7-9C1B3CE253EB}
	EndProjectSection
EndProject
Project("{8BC9CEB8-8B4A-11D0-8D11-00A0C91BC942}") = "wxpropgrid", "libs\propgrid\wxpropgrid.vcxproj", "{CA830EA8-5BCD-342E-9C37-7B0A55AB03BA}"
	ProjectSection(ProjectDependencies) = postProject
		{CA90E8BC-5AF8-3246-A143-E4E1AF518819} = {CA90E8BC-5AF8-3246-A143-E4E1AF518819}
		{A0BB5FB3-AF0D-3F7D-B1F2-E707DE5858E3} = {A0BB5FB3-AF0D-3F7D-B1F2-E707DE5858E3}
		{AF844B44-D364-3F78-AF7B-1E25D82EEE8A} = {AF844B44-D364-3F78-AF7B-1E25D82EEE8A}
	EndProjectSection
EndProject
Project("{8BC9CEB8-8B4A-11D0-8D11-00A0C91BC942}") = "wxqa", "libs\qa\wxqa.vcxproj", "{E6BA8A91-0653-327C-AB80-90F94708D21F}"
	ProjectSection(ProjectDependencies) = postProject
		{CA90E8BC-5AF8-3246-A143-E4E1AF518819} = {CA90E8BC-5AF8-3246-A143-E4E1AF518819}
		{A0BB5FB3-AF0D-3F7D-B1F2-E707DE5858E3} = {A0BB5FB3-AF0D-3F7D-B1F2-E707DE5858E3}
		{AF844B44-D364-3F78-AF7B-1E25D82EEE8A} = {AF844B44-D364-3F78-AF7B-1E25D82EEE8A}
		{A6CAD69C-B212-3748-A053-3E71E3B31E04} = {A6CAD69C-B212-3748-A053-3E71E3B31E04}
	EndProjectSection
EndProject
Project("{8BC9CEB8-8B4A-11D0-8D11-00A0C91BC942}") = "wxrc", "utils\wxrc.vcxproj", "{BD23FB14-2885-3493-9607-1C4D47B4747D}"
	ProjectSection(ProjectDependencies) = postProject
		{CA90E8BC-5AF8-3246-A143-E4E1AF518819} = {CA90E8BC-5AF8-3246-A143-E4E1AF518819}
		{A0BB5FB3-AF0D-3F7D-B1F2-E707DE5858E3} = {A0BB5FB3-AF0D-3F7D-B1F2-E707DE5858E3}
		{A6CAD69C-B212-3748-A053-3E71E3B31E04} = {A6CAD69C-B212-3748-A053-3E71E3B31E04}
	EndProjectSection
EndProject
Project("{8BC9CEB8-8B4A-11D0-8D11-00A0C91BC942}") = "wxregex", "libs\wxregex.vcxproj", "{DFDBBE52-1BDE-3C67-A3B5-7D2B1228D3E9}"
	ProjectSection(ProjectDependencies) = postProject
		{CA90E8BC-5AF8-3246-A143-E4E1AF518819} = {CA90E8BC-5AF8-3246-A143-E4E1AF518819}
	EndProjectSection
EndProject
Project("{8BC9CEB8-8B4A-11D0-8D11-00A0C91BC942}") = "wxribbon", "libs\ribbon\wxribbon.vcxproj", "{25D097A1-8719-3815-928C-845685ED0D63}"
	ProjectSection(ProjectDependencies) = postProject
		{CA90E8BC-5AF8-3246-A143-E4E1AF518819} = {CA90E8BC-5AF8-3246-A143-E4E1AF518819}
		{A0BB5FB3-AF0D-3F7D-B1F2-E707DE5858E3} = {A0BB5FB3-AF0D-3F7D-B1F2-E707DE5858E3}
		{AF844B44-D364-3F78-AF7B-1E25D82EEE8A} = {AF844B44-D364-3F78-AF7B-1E25D82EEE8A}
	EndProjectSection
EndProject
Project("{8BC9CEB8-8B4A-11D0-8D11-00A0C91BC942}") = "wxrichtext", "libs\richtext\wxrichtext.vcxproj", "{444809B4-6792-3687-940E-15C675B48740}"
	ProjectSection(ProjectDependencies) = postProject
		{CA90E8BC-5AF8-3246-A143-E4E1AF518819} = {CA90E8BC-5AF8-3246-A143-E4E1AF518819}
		{A0BB5FB3-AF0D-3F7D-B1F2-E707DE5858E3} = {A0BB5FB3-AF0D-3F7D-B1F2-E707DE5858E3}
		{AF844B44-D364-3F78-AF7B-1E25D82EEE8A} = {AF844B44-D364-3F78-AF7B-1E25D82EEE8A}
		{539F1948-6B09-3E45-A3A7-A0062E6CEB14} = {539F1948-6B09-3E45-A3A7-A0062E6CEB14}
		{A6CAD69C-B212-3748-A053-3E71E3B31E04} = {A6CAD69C-B212-3748-A053-3E71E3B31E04}
	EndProjectSection
EndProject
Project("{8BC9CEB8-8B4A-11D0-8D11-00A0C91BC942}") = "wxscintilla", "libs\stc\wxscintilla.vcxproj", "{1CFD914A-601B-3C68-8360-B9F839B5FAC2}"
	ProjectSection(ProjectDependencies) = postProject
		{CA90E8BC-5AF8-3246-A143-E4E1AF518819} = {CA90E8BC-5AF8-3246-A143-E4E1AF518819}
	EndProjectSection
EndProject
Project("{8BC9CEB8-8B4A-11D0-8D11-00A0C91BC942}") = "wxstc", "libs\stc\wxstc.vcxproj", "{F713C954-672F-37DC-B98C-53EFC12CBEAE}"
	ProjectSection(ProjectDependencies) = postProject
		{CA90E8BC-5AF8-3246-A143-E4E1AF518819} = {CA90E8BC-5AF8-3246-A143-E4E1AF518819}
		{A0BB5FB3-AF0D-3F7D-B1F2-E707DE5858E3} = {A0BB5FB3-AF0D-3F7D-B1F2-E707DE5858E3}
		{AF844B44-D364-3F78-AF7B-1E25D82EEE8A} = {AF844B44-D364-3F78-AF7B-1E25D82EEE8A}
		{1CFD914A-601B-3C68-8360-B9F839B5FAC2} = {1CFD914A-601B-3C68-8360-B9F839B5FAC2}
	EndProjectSection
EndProject
Project("{8BC9CEB8-8B4A-11D0-8D11-00A0C91BC942}") = "wxtiff", "libs\wxtiff.vcxproj", "{E5B00400-3176-3AE4-B12C-3DC0AB8F3AE0}"
	ProjectSection(ProjectDependencies) = postProject
		{CA90E8BC-5AF8-3246-A143-E4E1AF518819} = {CA90E8BC-5AF8-3246-A143-E4E1AF518819}
		{48926F93-1990-3699-BAC5-A3A0655E2B1C} = {48926F93-1990-3699-BAC5-A3A0655E2B1C}
		{A3CA04D8-3727-362F-B8C7-9C1B3CE253EB} = {A3CA04D8-3727-362F-B8C7-9C1B3CE253EB}
	EndProjectSection
EndProject
Project("{8BC9CEB8-8B4A-11D0-8D11-00A0C91BC942}") = "wxwebview", "libs\webview\wxwebview.vcxproj", "{227151E0-852D-31D2-8FED-AFBA3C0E5B9B}"
	ProjectSection(ProjectDependencies) = postProject
		{CA90E8BC-5AF8-3246-A143-E4E1AF518819} = {CA90E8BC-5AF8-3246-A143-E4E1AF518819}
		{A0BB5FB3-AF0D-3F7D-B1F2-E707DE5858E3} = {A0BB5FB3-AF0D-3F7D-B1F2-E707DE5858E3}
		{AF844B44-D364-3F78-AF7B-1E25D82EEE8A} = {AF844B44-D364-3F78-AF7B-1E25D82EEE8A}
	EndProjectSection
EndProject
Project("{8BC9CEB8-8B4A-11D0-8D11-00A0C91BC942}") = "wxxml", "libs\xml\wxxml.vcxproj", "{A6CAD69C-B212-3748-A053-3E71E3B31E04}"
	ProjectSection(ProjectDependencies) = postProject
		{CA90E8BC-5AF8-3246-A143-E4E1AF518819} = {CA90E8BC-5AF8-3246-A143-E4E1AF518819}
		{A0BB5FB3-AF0D-3F7D-B1F2-E707DE5858E3} = {A0BB5FB3-AF0D-3F7D-B1F2-E707DE5858E3}
		{9D115F88-06B0-3B96-98B7-6020110629E4} = {9D115F88-06B0-3B96-98B7-6020110629E4}
	EndProjectSection
EndProject
Project("{8BC9CEB8-8B4A-11D0-8D11-00A0C91BC942}") = "wxxrc", "libs\xrc\wxxrc.vcxproj", "{FD440D7E-E32A-3B72-B350-DCF6F5AE2DF5}"
	ProjectSection(ProjectDependencies) = postProject
		{CA90E8BC-5AF8-3246-A143-E4E1AF518819} = {CA90E8BC-5AF8-3246-A143-E4E1AF518819}
		{A0BB5FB3-AF0D-3F7D-B1F2-E707DE5858E3} = {A0BB5FB3-AF0D-3F7D-B1F2-E707DE5858E3}
		{AF844B44-D364-3F78-AF7B-1E25D82EEE8A} = {AF844B44-D364-3F78-AF7B-1E25D82EEE8A}
		{539F1948-6B09-3E45-A3A7-A0062E6CEB14} = {539F1948-6B09-3E45-A3A7-A0062E6CEB14}
		{A6CAD69C-B212-3748-A053-3E71E3B31E04} = {A6CAD69C-B212-3748-A053-3E71E3B31E04}
	EndProjectSection
EndProject
Project("{8BC9CEB8-8B4A-11D0-8D11-00A0C91BC942}") = "wxzlib", "libs\wxzlib.vcxproj", "{A3CA04D8-3727-362F-B8C7-9C1B3CE253EB}"
	ProjectSection(ProjectDependencies) = postProject
		{CA90E8BC-5AF8-3246-A143-E4E1AF518819} = {CA90E8BC-5AF8-3246-A143-E4E1AF518819}
	EndProjectSection
EndProject
Global
	GlobalSection(SolutionConfigurationPlatforms) = preSolution
		Debug|x64 = Debug|x64
		Release|x64 = Release|x64
	EndGlobalSection
	GlobalSection(ProjectConfigurationPlatforms) = postSolution
		{2B513AA0-2A3E-31CC-B72A-A002CEB0F554}.Debug|x64.ActiveCfg = Debug|x64
		{2B513AA0-2A3E-31CC-B72A-A002CEB0F554}.Debug|x64.Build.0 = Debug|x64
		{2B513AA0-2A3E-31CC-B72A-A002CEB0F554}.Release|x64.ActiveCfg = Release|x64
		{2B513AA0-2A3E-31CC-B72A-A002CEB0F554}.Release|x64.Build.0 = Release|x64
		{726DBB9E-3E3F-3E5B-AC77-669F238F3D8B}.Debug|x64.ActiveCfg = Debug|x64
		{726DBB9E-3E3F-3E5B-AC77-669F238F3D8B}.Release|x64.ActiveCfg = Release|x64
		{3DDFCFB3-F8DB-37B3-BB94-0C049081CBD1}.Debug|x64.ActiveCfg = Debug|x64
		{3DDFCFB3-F8DB-37B3-BB94-0C049081CBD1}.Release|x64.ActiveCfg = Release|x64
		{CA90E8BC-5AF8-3246-A143-E4E1AF518819}.Debug|x64.ActiveCfg = Debug|x64
		{CA90E8BC-5AF8-3246-A143-E4E1AF518819}.Debug|x64.Build.0 = Debug|x64
		{CA90E8BC-5AF8-3246-A143-E4E1AF518819}.Release|x64.ActiveCfg = Release|x64
		{CA90E8BC-5AF8-3246-A143-E4E1AF518819}.Release|x64.Build.0 = Release|x64
		{DBB20B95-D4EF-33D8-963F-F14FCAA8E084}.Debug|x64.ActiveCfg = Debug|x64
		{DBB20B95-D4EF-33D8-963F-F14FCAA8E084}.Debug|x64.Build.0 = Debug|x64
		{DBB20B95-D4EF-33D8-963F-F14FCAA8E084}.Release|x64.ActiveCfg = Release|x64
		{DBB20B95-D4EF-33D8-963F-F14FCAA8E084}.Release|x64.Build.0 = Release|x64
		{1FC894ED-D02F-38A3-B5F4-AA2BE3E6A0E4}.Debug|x64.ActiveCfg = Debug|x64
		{1FC894ED-D02F-38A3-B5F4-AA2BE3E6A0E4}.Debug|x64.Build.0 = Debug|x64
		{1FC894ED-D02F-38A3-B5F4-AA2BE3E6A0E4}.Release|x64.ActiveCfg = Release|x64
		{1FC894ED-D02F-38A3-B5F4-AA2BE3E6A0E4}.Release|x64.Build.0 = Release|x64
		{A0BB5FB3-AF0D-3F7D-B1F2-E707DE5858E3}.Debug|x64.ActiveCfg = Debug|x64
		{A0BB5FB3-AF0D-3F7D-B1F2-E707DE5858E3}.Debug|x64.Build.0 = Debug|x64
		{A0BB5FB3-AF0D-3F7D-B1F2-E707DE5858E3}.Release|x64.ActiveCfg = Release|x64
		{A0BB5FB3-AF0D-3F7D-B1F2-E707DE5858E3}.Release|x64.Build.0 = Release|x64
		{AF844B44-D364-3F78-AF7B-1E25D82EEE8A}.Debug|x64.ActiveCfg = Debug|x64
		{AF844B44-D364-3F78-AF7B-1E25D82EEE8A}.Debug|x64.Build.0 = Debug|x64
		{AF844B44-D364-3F78-AF7B-1E25D82EEE8A}.Release|x64.ActiveCfg = Release|x64
		{AF844B44-D364-3F78-AF7B-1E25D82EEE8A}.Release|x64.Build.0 = Release|x64
		{9D115F88-06B0-3B96-98B7-6020110629E4}.Debug|x64.ActiveCfg = Debug|x64
		{9D115F88-06B0-3B96-98B7-6020110629E4}.Debug|x64.Build.0 = Debug|x64
		{9D115F88-06B0-3B96-98B7-6020110629E4}.Release|x64.ActiveCfg = Release|x64
		{9D115F88-06B0-3B96-98B7-6020110629E4}.Release|x64.Build.0 = Release|x64
		{EB3D88CE-3359-3EC8-9396-52657FE0E7A6}.Debug|x64.ActiveCfg = Debug|x64
		{EB3D88CE-3359-3EC8-9396-52657FE0E7A6}.Debug|x64.Build.0 = Debug|x64
		{EB3D88CE-3359-3EC8-9396-52657FE0E7A6}.Release|x64.ActiveCfg = Release|x64
		{EB3D88CE-3359-3EC8-9396-52657FE0E7A6}.Release|x64.Build.0 = Release|x64
		{539F1948-6B09-3E45-A3A7-A0062E6CEB14}.Debug|x64.ActiveCfg = Debug|x64
		{539F1948-6B09-3E45-A3A7-A0062E6CEB14}.Debug|x64.Build.0 = Debug|x64
		{539F1948-6B09-3E45-A3A7-A0062E6CEB14}.Release|x64.ActiveCfg = Release|x64
		{539F1948-6B09-3E45-A3A7-A0062E6CEB14}.Release|x64.Build.0 = Release|x64
		{48926F93-1990-3699-BAC5-A3A0655E2B1C}.Debug|x64.ActiveCfg = Debug|x64
		{48926F93-1990-3699-BAC5-A3A0655E2B1C}.Debug|x64.Build.0 = Debug|x64
		{48926F93-1990-3699-BAC5-A3A0655E2B1C}.Release|x64.ActiveCfg = Release|x64
		{48926F93-1990-3699-BAC5-A3A0655E2B1C}.Release|x64.Build.0 = Release|x64
		{B4C40DF5-1241-334F-BA7C-AF340E098033}.Debug|x64.ActiveCfg = Debug|x64
		{B4C40DF5-1241-334F-BA7C-AF340E098033}.Debug|x64.Build.0 = Debug|x64
		{B4C40DF5-1241-334F-BA7C-AF340E098033}.Release|x64.ActiveCfg = Release|x64
		{B4C40DF5-1241-334F-BA7C-AF340E098033}.Release|x64.Build.0 = Release|x64
		{9CAFEC18-35BB-320E-BAFE-511CBE941AF8}.Debug|x64.ActiveCfg = Debug|x64
		{9CAFEC18-35BB-320E-BAFE-511CBE941AF8}.Debug|x64.Build.0 = Debug|x64
		{9CAFEC18-35BB-320E-BAFE-511CBE941AF8}.Release|x64.ActiveCfg = Release|x64
		{9CAFEC18-35BB-320E-BAFE-511CBE941AF8}.Release|x64.Build.0 = Release|x64
		{A08A643C-4E46-3B11-8362-E098D93347F1}.Debug|x64.ActiveCfg = Debug|x64
		{A08A643C-4E46-3B11-8362-E098D93347F1}.Debug|x64.Build.0 = Debug|x64
		{A08A643C-4E46-3B11-8362-E098D93347F1}.Release|x64.ActiveCfg = Release|x64
		{A08A643C-4E46-3B11-8362-E098D93347F1}.Release|x64.Build.0 = Release|x64
		{CA830EA8-5BCD-342E-9C37-7B0A55AB03BA}.Debug|x64.ActiveCfg = Debug|x64
		{CA830EA8-5BCD-342E-9C37-7B0A55AB03BA}.Debug|x64.Build.0 = Debug|x64
		{CA830EA8-5BCD-342E-9C37-7B0A55AB03BA}.Release|x64.ActiveCfg = Release|x64
		{CA830EA8-5BCD-342E-9C37-7B0A55AB03BA}.Release|x64.Build.0 = Release|x64
		{E6BA8A91-0653-327C-AB80-90F94708D21F}.Debug|x64.ActiveCfg = Debug|x64
		{E6BA8A91-0653-327C-AB80-90F94708D21F}.Debug|x64.Build.0 = Debug|x64
		{E6BA8A91-0653-327C-AB80-90F94708D21F}.Release|x64.ActiveCfg = Release|x64
		{E6BA8A91-0653-327C-AB80-90F94708D21F}.Release|x64.Build.0 = Release|x64
		{BD23FB14-2885-3493-9607-1C4D47B4747D}.Debug|x64.ActiveCfg = Debug|x64
		{BD23FB14-2885-3493-9607-1C4D47B4747D}.Debug|x64.Build.0 = Debug|x64
		{BD23FB14-2885-3493-9607-1C4D47B4747D}.Release|x64.ActiveCfg = Release|x64
		{BD23FB14-2885-3493-9607-1C4D47B4747D}.Release|x64.Build.0 = Release|x64
		{DFDBBE52-1BDE-3C67-A3B5-7D2B1228D3E9}.Debug|x64.ActiveCfg = Debug|x64
		{DFDBBE52-1BDE-3C67-A3B5-7D2B1228D3E9}.Debug|x64.Build.0 = Debug|x64
		{DFDBBE52-1BDE-3C67-A3B5-7D2B1228D3E9}.Release|x64.ActiveCfg = Release|x64
		{DFDBBE52-1BDE-3C67-A3B5-7D2B1228D3E9}.Release|x64.Build.0 = Release|x64
		{25D097A1-8719-3815-928C-845685ED0D63}.Debug|x64.ActiveCfg = Debug|x64
		{25D097A1-8719-3815-928C-845685ED0D63}.Debug|x64.Build.0 = Debug|x64
		{25D097A1-8719-3815-928C-845685ED0D63}.Release|x64.ActiveCfg = Release|x64
		{25D097A1-8719-3815-928C-845685ED0D63}.Release|x64.Build.0 = Release|x64
		{444809B4-6792-3687-940E-15C675B48740}.Debug|x64.ActiveCfg = Debug|x64
		{444809B4-6792-3687-940E-15C675B48740}.Debug|x64.Build.0 = Debug|x64
		{444809B4-6792-3687-940E-15C675B48740}.Release|x64.ActiveCfg = Release|x64
		{444809B4-6792-3687-940E-15C675B48740}.Release|x64.Build.0 = Release|x64
		{1CFD914A-601B-3C68-8360-B9F839B5FAC2}.Debug|x64.ActiveCfg = Debug|x64
		{1CFD914A-601B-3C68-8360-B9F839B5FAC2}.Debug|x64.Build.0 = Debug|x64
		{1CFD914A-601B-3C68-8360-B9F839B5FAC2}.Release|x64.ActiveCfg = Release|x64
		{1CFD914A-601B-3C68-8360-B9F839B5FAC2}.Release|x64.Build.0 = Release|x64
		{F713C954-672F-37DC-B98C-53EFC12CBEAE}.Debug|x64.ActiveCfg = Debug|x64
		{F713C954-672F-37DC-B98C-53EFC12CBEAE}.Debug|x64.Build.0 = Debug|x64
		{F713C954-672F-37DC-B98C-53EFC12CBEAE}.Release|x64.ActiveCfg = Release|x64
		{F713C954-672F-37DC-B98C-53EFC12CBEAE}.Release|x64.Build.0 = Release|x64
		{E5B00400-3176-3AE4-B12C-3DC0AB8F3AE0}.Debug|x64.ActiveCfg = Debug|x64
		{E5B00400-3176-3AE4-B12C-3DC0AB8F3AE0}.Debug|x64.Build.0 = Debug|x64
		{E5B00400-3176-3AE4-B12C-3DC0AB8F3AE0}.Release|x64.ActiveCfg = Release|x64
		{E5B00400-3176-3AE4-B12C-3DC0AB8F3AE0}.Release|x64.Build.0 = Release|x64
		{227151E0-852D-31D2-8FED-AFBA3C0E5B9B}.Debug|x64.ActiveCfg = Debug|x64
		{227151E0-852D-31D2-8FED-AFBA3C0E5B9B}.Debug|x64.Build.0 = Debug|x64
		{227151E0-852D-31D2-8FED-AFBA3C0E5B9B}.Release|x64.ActiveCfg = Release|x64
		{227151E0-852D-31D2-8FED-AFBA3C0E5B9B}.Release|x64.Build.0 = Release|x64
		{A6CAD69C-B212-3748-A053-3E71E3B31E04}.Debug|x64.ActiveCfg = Debug|x64
		{A6CAD69C-B212-3748-A053-3E71E3B31E04}.Debug|x64.Build.0 = Debug|x64
		{A6CAD69C-B212-3748-A053-3E71E3B31E04}.Release|x64.ActiveCfg = Release|x64
		{A6CAD69C-B212-3748-A053-3E71E3B31E04}.Release|x64.Build.0 = Release|x64
		{FD440D7E-E32A-3B72-B350-DCF6F5AE2DF5}.Debug|x64.ActiveCfg = Debug|x64
		{FD440D7E-E32A-3B72-B350-DCF6F5AE2DF5}.Debug|x64.Build.0 = Debug|x64
		{FD440D7E-E32A-3B72-B350-DCF6F5AE2DF5}.Release|x64.ActiveCfg = Release|x64
		{FD440D7E-E32A-3B72-B350-DCF6F5AE2DF5}.Release|x64.Build.0 = Release|x64
		{A3CA04D8-3727-362F-B8C7-9C1B3CE253EB}.Debug|x64.ActiveCfg = Debug|x64
		{A3CA04D8-3727-362F-B8C7-9C1B3CE253EB}.Debug|x64.Build.0 = Debug|x64
		{A3CA04D8-3727-362F-B8C7-9C1B3CE253EB}.Release|x64.ActiveCfg = Release|x64
		{A3CA04D8-3727-362F-B8C7-9C1B3CE253EB}.Release|x64.Build.0 = Release|x64
	EndGlobalSection
	GlobalSection(NestedProjects) = preSolution
		{2B513AA0-2A3E-31CC-B72A-A002CEB0F554} = {90768C25-57CC-3E0D-8CD0-18C8C8BC8869}
		{726DBB9E-3E3F-3E5B-AC77-669F238F3D8B} = {90768C25-57CC-3E0D-8CD0-18C8C8BC8869}
		{3DDFCFB3-F8DB-37B3-BB94-0C049081CBD1} = {90768C25-57CC-3E0D-8CD0-18C8C8BC8869}
		{CA90E8BC-5AF8-3246-A143-E4E1AF518819} = {90768C25-57CC-3E0D-8CD0-18C8C8BC8869}
		{DBB20B95-D4EF-33D8-963F-F14FCAA8E084} = {6B26A748-6F96-36EE-BF70-B9F0E1584AA6}
		{1FC894ED-D02F-38A3-B5F4-AA2BE3E6A0E4} = {6B26A748-6F96-36EE-BF70-B9F0E1584AA6}
		{A0BB5FB3-AF0D-3F7D-B1F2-E707DE5858E3} = {6B26A748-6F96-36EE-BF70-B9F0E1584AA6}
		{AF844B44-D364-3F78-AF7B-1E25D82EEE8A} = {6B26A748-6F96-36EE-BF70-B9F0E1584AA6}
		{EB3D88CE-3359-3EC8-9396-52657FE0E7A6} = {6B26A748-6F96-36EE-BF70-B9F0E1584AA6}
		{539F1948-6B09-3E45-A3A7-A0062E6CEB14} = {6B26A748-6F96-36EE-BF70-B9F0E1584AA6}
		{B4C40DF5-1241-334F-BA7C-AF340E098033} = {6B26A748-6F96-36EE-BF70-B9F0E1584AA6}
		{9CAFEC18-35BB-320E-BAFE-511CBE941AF8} = {6B26A748-6F96-36EE-BF70-B9F0E1584AA6}
		{CA830EA8-5BCD-342E-9C37-7B0A55AB03BA} = {6B26A748-6F96-36EE-BF70-B9F0E1584AA6}
		{E6BA8A91-0653-327C-AB80-90F94708D21F} = {6B26A748-6F96-36EE-BF70-B9F0E1584AA6}
		{25D097A1-8719-3815-928C-845685ED0D63} = {6B26A748-6F96-36EE-BF70-B9F0E1584AA6}
		{444809B4-6792-3687-940E-15C675B48740} = {6B26A748-6F96-36EE-BF70-B9F0E1584AA6}
		{F713C954-672F-37DC-B98C-53EFC12CBEAE} = {6B26A748-6F96-36EE-BF70-B9F0E1584AA6}
		{227151E0-852D-31D2-8FED-AFBA3C0E5B9B} = {6B26A748-6F96-36EE-BF70-B9F0E1584AA6}
		{A6CAD69C-B212-3748-A053-3E71E3B31E04} = {6B26A748-6F96-36EE-BF70-B9F0E1584AA6}
		{FD440D7E-E32A-3B72-B350-DCF6F5AE2DF5} = {6B26A748-6F96-36EE-BF70-B9F0E1584AA6}
		{9D115F88-06B0-3B96-98B7-6020110629E4} = {B6033CED-7BCC-3C85-98E4-D5B9775A30CA}
		{48926F93-1990-3699-BAC5-A3A0655E2B1C} = {B6033CED-7BCC-3C85-98E4-D5B9775A30CA}
		{A08A643C-4E46-3B11-8362-E098D93347F1} = {B6033CED-7BCC-3C85-98E4-D5B9775A30CA}
		{DFDBBE52-1BDE-3C67-A3B5-7D2B1228D3E9} = {B6033CED-7BCC-3C85-98E4-D5B9775A30CA}
		{1CFD914A-601B-3C68-8360-B9F839B5FAC2} = {B6033CED-7BCC-3C85-98E4-D5B9775A30CA}
		{E5B00400-3176-3AE4-B12C-3DC0AB8F3AE0} = {B6033CED-7BCC-3C85-98E4-D5B9775A30CA}
		{A3CA04D8-3727-362F-B8C7-9C1B3CE253EB} = {B6033CED-7BCC-3C85-98E4-D5B9775A30CA}
		{BD23FB14-2885-3493-9607-1C4D47B4747D} = {463772B1-BA0C-35FB-A015-414EAA4457B7}
	EndGlobalSection
	GlobalSection(ExtensibilityGlobals) = postSolution
		SolutionGuid = {C3BC90F2-6200-339C-9465-D5CFF288E103}
	EndGlobalSection
	GlobalSection(ExtensibilityAddIns) = postSolution
	EndGlobalSection
EndGlobal
